// !$*UTF8*$!
{
	archiveVersion = 1;
	classes = {
	};
	objectVersion = 56;
	objects = {

/* Begin PBXBuildFile section */
		2636B05B2B78E448004F7DE7 /* AppDelegate.swift in Sources */ = {isa = PBXBuildFile; fileRef = 2636B05A2B78E448004F7DE7 /* AppDelegate.swift */; };
		2636B05D2B78E448004F7DE7 /* SceneDelegate.swift in Sources */ = {isa = PBXBuildFile; fileRef = 2636B05C2B78E448004F7DE7 /* SceneDelegate.swift */; };
		2636B05F2B78E448004F7DE7 /* ViewController.swift in Sources */ = {isa = PBXBuildFile; fileRef = 2636B05E2B78E448004F7DE7 /* ViewController.swift */; };
		2636B0642B78E44A004F7DE7 /* Assets.xcassets in Resources */ = {isa = PBXBuildFile; fileRef = 2636B0632B78E44A004F7DE7 /* Assets.xcassets */; };
		2636B0672B78E44A004F7DE7 /* LaunchScreen.storyboard in Resources */ = {isa = PBXBuildFile; fileRef = 2636B0652B78E44A004F7DE7 /* LaunchScreen.storyboard */; };
		2636B0722B78E44A004F7DE7 /* Project1Tests.swift in Sources */ = {isa = PBXBuildFile; fileRef = 2636B0712B78E44A004F7DE7 /* Project1Tests.swift */; };
		2636B07C2B78E44A004F7DE7 /* Project1UITests.swift in Sources */ = {isa = PBXBuildFile; fileRef = 2636B07B2B78E44A004F7DE7 /* Project1UITests.swift */; };
		2636B07E2B78E44A004F7DE7 /* Project1UITestsLaunchTests.swift in Sources */ = {isa = PBXBuildFile; fileRef = 2636B07D2B78E44A004F7DE7 /* Project1UITestsLaunchTests.swift */; };
/* End PBXBuildFile section */

/* Begin PBXContainerItemProxy section */
		2636B06E2B78E44A004F7DE7 /* PBXContainerItemProxy */ = {
			isa = PBXContainerItemProxy;
			containerPortal = 2636B04F2B78E448004F7DE7 /* Project object */;
			proxyType = 1;
			remoteGlobalIDString = 2636B0562B78E448004F7DE7;
			remoteInfo = Project1;
		};
		2636B0782B78E44A004F7DE7 /* PBXContainerItemProxy */ = {
			isa = PBXContainerItemProxy;
			containerPortal = 2636B04F2B78E448004F7DE7 /* Project object */;
			proxyType = 1;
			remoteGlobalIDString = 2636B0562B78E448004F7DE7;
			remoteInfo = Project1;
		};
/* End PBXContainerItemProxy section */

/* Begin PBXFileReference section */
		2636B0572B78E448004F7DE7 /* Project1.app */ = {isa = PBXFileReference; explicitFileType = wrapper.application; includeInIndex = 0; path = Project1.app; sourceTree = BUILT_PRODUCTS_DIR; };
		2636B05A2B78E448004F7DE7 /* AppDelegate.swift */ = {isa = PBXFileReference; lastKnownFileType = sourcecode.swift; path = AppDelegate.swift; sourceTree = "<group>"; };
		2636B05C2B78E448004F7DE7 /* SceneDelegate.swift */ = {isa = PBXFileReference; lastKnownFileType = sourcecode.swift; path = SceneDelegate.swift; sourceTree = "<group>"; };
		2636B05E2B78E448004F7DE7 /* ViewController.swift */ = {isa = PBXFileReference; lastKnownFileType = sourcecode.swift; path = ViewController.swift; sourceTree = "<group>"; };
		2636B0632B78E44A004F7DE7 /* Assets.xcassets */ = {isa = PBXFileReference; lastKnownFileType = folder.assetcatalog; path = Assets.xcassets; sourceTree = "<group>"; };
		2636B0662B78E44A004F7DE7 /* Base */ = {isa = PBXFileReference; lastKnownFileType = file.storyboard; name = Base; path = Base.lproj/LaunchScreen.storyboard; sourceTree = "<group>"; };
		2636B0682B78E44A004F7DE7 /* Info.plist */ = {isa = PBXFileReference; lastKnownFileType = text.plist.xml; path = Info.plist; sourceTree = "<group>"; };
		2636B06D2B78E44A004F7DE7 /* Project1Tests.xctest */ = {isa = PBXFileReference; explicitFileType = wrapper.cfbundle; includeInIndex = 0; path = Project1Tests.xctest; sourceTree = BUILT_PRODUCTS_DIR; };
		2636B0712B78E44A004F7DE7 /* Project1Tests.swift */ = {isa = PBXFileReference; lastKnownFileType = sourcecode.swift; path = Project1Tests.swift; sourceTree = "<group>"; };
		2636B0772B78E44A004F7DE7 /* Project1UITests.xctest */ = {isa = PBXFileReference; explicitFileType = wrapper.cfbundle; includeInIndex = 0; path = Project1UITests.xctest; sourceTree = BUILT_PRODUCTS_DIR; };
		2636B07B2B78E44A004F7DE7 /* Project1UITests.swift */ = {isa = PBXFileReference; lastKnownFileType = sourcecode.swift; path = Project1UITests.swift; sourceTree = "<group>"; };
		2636B07D2B78E44A004F7DE7 /* Project1UITestsLaunchTests.swift */ = {isa = PBXFileReference; lastKnownFileType = sourcecode.swift; path = Project1UITestsLaunchTests.swift; sourceTree = "<group>"; };
/* End PBXFileReference section */

/* Begin PBXFrameworksBuildPhase section */
		2636B0542B78E448004F7DE7 /* Frameworks */ = {
			isa = PBXFrameworksBuildPhase;
			buildActionMask = 2147483647;
			files = (
			);
			runOnlyForDeploymentPostprocessing = 0;
		};
		2636B06A2B78E44A004F7DE7 /* Frameworks */ = {
			isa = PBXFrameworksBuildPhase;
			buildActionMask = 2147483647;
			files = (
			);
			runOnlyForDeploymentPostprocessing = 0;
		};
		2636B0742B78E44A004F7DE7 /* Frameworks */ = {
			isa = PBXFrameworksBuildPhase;
			buildActionMask = 2147483647;
			files = (
			);
			runOnlyForDeploymentPostprocessing = 0;
		};
/* End PBXFrameworksBuildPhase section */

/* Begin PBXGroup section */
		2636B04E2B78E448004F7DE7 = {
			isa = PBXGroup;
			children = (
				2636B0592B78E448004F7DE7 /* Project1 */,
				2636B0702B78E44A004F7DE7 /* Project1Tests */,
				2636B07A2B78E44A004F7DE7 /* Project1UITests */,
				2636B0582B78E448004F7DE7 /* Products */,
			);
			sourceTree = "<group>";
		};
		2636B0582B78E448004F7DE7 /* Products */ = {
			isa = PBXGroup;
			children = (
				2636B0572B78E448004F7DE7 /* Project1.app */,
				2636B06D2B78E44A004F7DE7 /* Project1Tests.xctest */,
				2636B0772B78E44A004F7DE7 /* Project1UITests.xctest */,
			);
			name = Products;
			sourceTree = "<group>";
		};
		2636B0592B78E448004F7DE7 /* Project1 */ = {
			isa = PBXGroup;
			children = (
				2636B05A2B78E448004F7DE7 /* AppDelegate.swift */,
				2636B05C2B78E448004F7DE7 /* SceneDelegate.swift */,
				2636B05E2B78E448004F7DE7 /* ViewController.swift */,
				2636B0632B78E44A004F7DE7 /* Assets.xcassets */,
				2636B0652B78E44A004F7DE7 /* LaunchScreen.storyboard */,
				2636B0682B78E44A004F7DE7 /* Info.plist */,
			);
			path = Project1;
			sourceTree = "<group>";
		};
		2636B0702B78E44A004F7DE7 /* Project1Tests */ = {
			isa = PBXGroup;
			children = (
				2636B0712B78E44A004F7DE7 /* Project1Tests.swift */,
			);
			path = Project1Tests;
			sourceTree = "<group>";
		};
		2636B07A2B78E44A004F7DE7 /* Project1UITests */ = {
			isa = PBXGroup;
			children = (
				2636B07B2B78E44A004F7DE7 /* Project1UITests.swift */,
				2636B07D2B78E44A004F7DE7 /* Project1UITestsLaunchTests.swift */,
			);
			path = Project1UITests;
			sourceTree = "<group>";
		};
/* End PBXGroup section */

/* Begin PBXNativeTarget section */
		2636B0562B78E448004F7DE7 /* Project1 */ = {
			isa = PBXNativeTarget;
			buildConfigurationList = 2636B0812B78E44A004F7DE7 /* Build configuration list for PBXNativeTarget "Project1" */;
			buildPhases = (
				2636B0532B78E448004F7DE7 /* Sources */,
				2636B0542B78E448004F7DE7 /* Frameworks */,
				2636B0552B78E448004F7DE7 /* Resources */,
			);
			buildRules = (
			);
			dependencies = (
			);
			name = Project1;
			productName = Project1;
			productReference = 2636B0572B78E448004F7DE7 /* Project1.app */;
			productType = "com.apple.product-type.application";
		};
		2636B06C2B78E44A004F7DE7 /* Project1Tests */ = {
			isa = PBXNativeTarget;
			buildConfigurationList = 2636B0842B78E44A004F7DE7 /* Build configuration list for PBXNativeTarget "Project1Tests" */;
			buildPhases = (
				2636B0692B78E44A004F7DE7 /* Sources */,
				2636B06A2B78E44A004F7DE7 /* Frameworks */,
				2636B06B2B78E44A004F7DE7 /* Resources */,
			);
			buildRules = (
			);
			dependencies = (
				2636B06F2B78E44A004F7DE7 /* PBXTargetDependency */,
			);
			name = Project1Tests;
			productName = Project1Tests;
			productReference = 2636B06D2B78E44A004F7DE7 /* Project1Tests.xctest */;
			productType = "com.apple.product-type.bundle.unit-test";
		};
		2636B0762B78E44A004F7DE7 /* Project1UITests */ = {
			isa = PBXNativeTarget;
			buildConfigurationList = 2636B0872B78E44A004F7DE7 /* Build configuration list for PBXNativeTarget "Project1UITests" */;
			buildPhases = (
				2636B0732B78E44A004F7DE7 /* Sources */,
				2636B0742B78E44A004F7DE7 /* Frameworks */,
				2636B0752B78E44A004F7DE7 /* Resources */,
			);
			buildRules = (
			);
			dependencies = (
				2636B0792B78E44A004F7DE7 /* PBXTargetDependency */,
			);
			name = Project1UITests;
			productName = Project1UITests;
			productReference = 2636B0772B78E44A004F7DE7 /* Project1UITests.xctest */;
			productType = "com.apple.product-type.bundle.ui-testing";
		};
/* End PBXNativeTarget section */

/* Begin PBXProject section */
		2636B04F2B78E448004F7DE7 /* Project object */ = {
			isa = PBXProject;
			attributes = {
				BuildIndependentTargetsInParallel = 1;
				LastSwiftUpdateCheck = 1520;
				LastUpgradeCheck = 1520;
				TargetAttributes = {
					2636B0562B78E448004F7DE7 = {
						CreatedOnToolsVersion = 15.2;
					};
					2636B06C2B78E44A004F7DE7 = {
						CreatedOnToolsVersion = 15.2;
						TestTargetID = 2636B0562B78E448004F7DE7;
					};
					2636B0762B78E44A004F7DE7 = {
						CreatedOnToolsVersion = 15.2;
						TestTargetID = 2636B0562B78E448004F7DE7;
					};
				};
			};
			buildConfigurationList = 2636B0522B78E448004F7DE7 /* Build configuration list for PBXProject "Project1" */;
			compatibilityVersion = "Xcode 14.0";
			developmentRegion = en;
			hasScannedForEncodings = 0;
			knownRegions = (
				en,
				Base,
			);
			mainGroup = 2636B04E2B78E448004F7DE7;
			productRefGroup = 2636B0582B78E448004F7DE7 /* Products */;
			projectDirPath = "";
			projectRoot = "";
			targets = (
				2636B0562B78E448004F7DE7 /* Project1 */,
				2636B06C2B78E44A004F7DE7 /* Project1Tests */,
				2636B0762B78E44A004F7DE7 /* Project1UITests */,
			);
		};
/* End PBXProject section */

/* Begin PBXResourcesBuildPhase section */
		2636B0552B78E448004F7DE7 /* Resources */ = {
			isa = PBXResourcesBuildPhase;
			buildActionMask = 2147483647;
			files = (
				2636B0672B78E44A004F7DE7 /* LaunchScreen.storyboard in Resources */,
				2636B0642B78E44A004F7DE7 /* Assets.xcassets in Resources */,
			);
			runOnlyForDeploymentPostprocessing = 0;
		};
		2636B06B2B78E44A004F7DE7 /* Resources */ = {
			isa = PBXResourcesBuildPhase;
			buildActionMask = 2147483647;
			files = (
			);
			runOnlyForDeploymentPostprocessing = 0;
		};
		2636B0752B78E44A004F7DE7 /* Resources */ = {
			isa = PBXResourcesBuildPhase;
			buildActionMask = 2147483647;
			files = (
			);
			runOnlyForDeploymentPostprocessing = 0;
		};
/* End PBXResourcesBuildPhase section */

/* Begin PBXSourcesBuildPhase section */
		2636B0532B78E448004F7DE7 /* Sources */ = {
			isa = PBXSourcesBuildPhase;
			buildActionMask = 2147483647;
			files = (
				2636B05F2B78E448004F7DE7 /* ViewController.swift in Sources */,
				2636B05B2B78E448004F7DE7 /* AppDelegate.swift in Sources */,
				2636B05D2B78E448004F7DE7 /* SceneDelegate.swift in Sources */,
			);
			runOnlyForDeploymentPostprocessing = 0;
		};
		2636B0692B78E44A004F7DE7 /* Sources */ = {
			isa = PBXSourcesBuildPhase;
			buildActionMask = 2147483647;
			files = (
				2636B0722B78E44A004F7DE7 /* Project1Tests.swift in Sources */,
			);
			runOnlyForDeploymentPostprocessing = 0;
		};
		2636B0732B78E44A004F7DE7 /* Sources */ = {
			isa = PBXSourcesBuildPhase;
			buildActionMask = 2147483647;
			files = (
				2636B07E2B78E44A004F7DE7 /* Project1UITestsLaunchTests.swift in Sources */,
				2636B07C2B78E44A004F7DE7 /* Project1UITests.swift in Sources */,
			);
			runOnlyForDeploymentPostprocessing = 0;
		};
/* End PBXSourcesBuildPhase section */

/* Begin PBXTargetDependency section */
		2636B06F2B78E44A004F7DE7 /* PBXTargetDependency */ = {
			isa = PBXTargetDependency;
			target = 2636B0562B78E448004F7DE7 /* Project1 */;
			targetProxy = 2636B06E2B78E44A004F7DE7 /* PBXContainerItemProxy */;
		};
		2636B0792B78E44A004F7DE7 /* PBXTargetDependency */ = {
			isa = PBXTargetDependency;
			target = 2636B0562B78E448004F7DE7 /* Project1 */;
			targetProxy = 2636B0782B78E44A004F7DE7 /* PBXContainerItemProxy */;
		};
/* End PBXTargetDependency section */

/* Begin PBXVariantGroup section */
		2636B0652B78E44A004F7DE7 /* LaunchScreen.storyboard */ = {
			isa = PBXVariantGroup;
			children = (
				2636B0662B78E44A004F7DE7 /* Base */,
			);
			name = LaunchScreen.storyboard;
			sourceTree = "<group>";
		};
/* End PBXVariantGroup section */

/* Begin XCBuildConfiguration section */
		2636B07F2B78E44A004F7DE7 /* Debug */ = {
			isa = XCBuildConfiguration;
			buildSettings = {
				ALWAYS_SEARCH_USER_PATHS = NO;
				ASSETCATALOG_COMPILER_GENERATE_SWIFT_ASSET_SYMBOL_EXTENSIONS = YES;
				CLANG_ANALYZER_NONNULL = YES;
				CLANG_ANALYZER_NUMBER_OBJECT_CONVERSION = YES_AGGRESSIVE;
				CLANG_CXX_LANGUAGE_STANDARD = "gnu++20";
				CLANG_ENABLE_MODULES = YES;
				CLANG_ENABLE_OBJC_ARC = YES;
				CLANG_ENABLE_OBJC_WEAK = YES;
				CLANG_WARN_BLOCK_CAPTURE_AUTORELEASING = YES;
				CLANG_WARN_BOOL_CONVERSION = YES;
				CLANG_WARN_COMMA = YES;
				CLANG_WARN_CONSTANT_CONVERSION = YES;
				CLANG_WARN_DEPRECATED_OBJC_IMPLEMENTATIONS = YES;
				CLANG_WARN_DIRECT_OBJC_ISA_USAGE = YES_ERROR;
				CLANG_WARN_DOCUMENTATION_COMMENTS = YES;
				CLANG_WARN_EMPTY_BODY = YES;
				CLANG_WARN_ENUM_CONVERSION = YES;
				CLANG_WARN_INFINITE_RECURSION = YES;
				CLANG_WARN_INT_CONVERSION = YES;
				CLANG_WARN_NON_LITERAL_NULL_CONVERSION = YES;
				CLANG_WARN_OBJC_IMPLICIT_RETAIN_SELF = YES;
				CLANG_WARN_OBJC_LITERAL_CONVERSION = YES;
				CLANG_WARN_OBJC_ROOT_CLASS = YES_ERROR;
				CLANG_WARN_QUOTED_INCLUDE_IN_FRAMEWORK_HEADER = YES;
				CLANG_WARN_RANGE_LOOP_ANALYSIS = YES;
				CLANG_WARN_STRICT_PROTOTYPES = YES;
				CLANG_WARN_SUSPICIOUS_MOVE = YES;
				CLANG_WARN_UNGUARDED_AVAILABILITY = YES_AGGRESSIVE;
				CLANG_WARN_UNREACHABLE_CODE = YES;
				CLANG_WARN__DUPLICATE_METHOD_MATCH = YES;
				COPY_PHASE_STRIP = NO;
				DEBUG_INFORMATION_FORMAT = dwarf;
				ENABLE_STRICT_OBJC_MSGSEND = YES;
				ENABLE_TESTABILITY = YES;
				ENABLE_USER_SCRIPT_SANDBOXING = YES;
				GCC_C_LANGUAGE_STANDARD = gnu17;
				GCC_DYNAMIC_NO_PIC = NO;
				GCC_NO_COMMON_BLOCKS = YES;
				GCC_OPTIMIZATION_LEVEL = 0;
				GCC_PREPROCESSOR_DEFINITIONS = (
					"DEBUG=1",
					"$(inherited)",
				);
				GCC_WARN_64_TO_32_BIT_CONVERSION = YES;
				GCC_WARN_ABOUT_RETURN_TYPE = YES_ERROR;
				GCC_WARN_UNDECLARED_SELECTOR = YES;
				GCC_WARN_UNINITIALIZED_AUTOS = YES_AGGRESSIVE;
				GCC_WARN_UNUSED_FUNCTION = YES;
				GCC_WARN_UNUSED_VARIABLE = YES;
				IPHONEOS_DEPLOYMENT_TARGET = 17.2;
				LOCALIZATION_PREFERS_STRING_CATALOGS = YES;
				MTL_ENABLE_DEBUG_INFO = INCLUDE_SOURCE;
				MTL_FAST_MATH = YES;
				ONLY_ACTIVE_ARCH = YES;
				SDKROOT = iphoneos;
				SWIFT_ACTIVE_COMPILATION_CONDITIONS = "DEBUG $(inherited)";
				SWIFT_OPTIMIZATION_LEVEL = "-Onone";
			};
			name = Debug;
		};
		2636B0802B78E44A004F7DE7 /* Release */ = {
			isa = XCBuildConfiguration;
			buildSettings = {
				ALWAYS_SEARCH_USER_PATHS = NO;
				ASSETCATALOG_COMPILER_GENERATE_SWIFT_ASSET_SYMBOL_EXTENSIONS = YES;
				CLANG_ANALYZER_NONNULL = YES;
				CLANG_ANALYZER_NUMBER_OBJECT_CONVERSION = YES_AGGRESSIVE;
				CLANG_CXX_LANGUAGE_STANDARD = "gnu++20";
				CLANG_ENABLE_MODULES = YES;
				CLANG_ENABLE_OBJC_ARC = YES;
				CLANG_ENABLE_OBJC_WEAK = YES;
				CLANG_WARN_BLOCK_CAPTURE_AUTORELEASING = YES;
				CLANG_WARN_BOOL_CONVERSION = YES;
				CLANG_WARN_COMMA = YES;
				CLANG_WARN_CONSTANT_CONVERSION = YES;
				CLANG_WARN_DEPRECATED_OBJC_IMPLEMENTATIONS = YES;
				CLANG_WARN_DIRECT_OBJC_ISA_USAGE = YES_ERROR;
				CLANG_WARN_DOCUMENTATION_COMMENTS = YES;
				CLANG_WARN_EMPTY_BODY = YES;
				CLANG_WARN_ENUM_CONVERSION = YES;
				CLANG_WARN_INFINITE_RECURSION = YES;
				CLANG_WARN_INT_CONVERSION = YES;
				CLANG_WARN_NON_LITERAL_NULL_CONVERSION = YES;
				CLANG_WARN_OBJC_IMPLICIT_RETAIN_SELF = YES;
				CLANG_WARN_OBJC_LITERAL_CONVERSION = YES;
				CLANG_WARN_OBJC_ROOT_CLASS = YES_ERROR;
				CLANG_WARN_QUOTED_INCLUDE_IN_FRAMEWORK_HEADER = YES;
				CLANG_WARN_RANGE_LOOP_ANALYSIS = YES;
				CLANG_WARN_STRICT_PROTOTYPES = YES;
				CLANG_WARN_SUSPICIOUS_MOVE = YES;
				CLANG_WARN_UNGUARDED_AVAILABILITY = YES_AGGRESSIVE;
				CLANG_WARN_UNREACHABLE_CODE = YES;
				CLANG_WARN__DUPLICATE_METHOD_MATCH = YES;
				COPY_PHASE_STRIP = NO;
				DEBUG_INFORMATION_FORMAT = "dwarf-with-dsym";
				ENABLE_NS_ASSERTIONS = NO;
				ENABLE_STRICT_OBJC_MSGSEND = YES;
				ENABLE_USER_SCRIPT_SANDBOXING = YES;
				GCC_C_LANGUAGE_STANDARD = gnu17;
				GCC_NO_COMMON_BLOCKS = YES;
				GCC_WARN_64_TO_32_BIT_CONVERSION = YES;
				GCC_WARN_ABOUT_RETURN_TYPE = YES_ERROR;
				GCC_WARN_UNDECLARED_SELECTOR = YES;
				GCC_WARN_UNINITIALIZED_AUTOS = YES_AGGRESSIVE;
				GCC_WARN_UNUSED_FUNCTION = YES;
				GCC_WARN_UNUSED_VARIABLE = YES;
				IPHONEOS_DEPLOYMENT_TARGET = 17.2;
				LOCALIZATION_PREFERS_STRING_CATALOGS = YES;
				MTL_ENABLE_DEBUG_INFO = NO;
				MTL_FAST_MATH = YES;
				SDKROOT = iphoneos;
				SWIFT_COMPILATION_MODE = wholemodule;
				VALIDATE_PRODUCT = YES;
			};
			name = Release;
		};
		2636B0822B78E44A004F7DE7 /* Debug */ = {
			isa = XCBuildConfiguration;
			buildSettings = {
				ASSETCATALOG_COMPILER_APPICON_NAME = AppIcon;
				ASSETCATALOG_COMPILER_GLOBAL_ACCENT_COLOR_NAME = AccentColor;
				CODE_SIGN_STYLE = Automatic;
				CURRENT_PROJECT_VERSION = 1;
				DEVELOPMENT_TEAM = 9MBQ2N9R8H;
				GENERATE_INFOPLIST_FILE = YES;
				INFOPLIST_FILE = Project1/Info.plist;
				INFOPLIST_KEY_UIApplicationSupportsIndirectInputEvents = YES;
				INFOPLIST_KEY_UILaunchStoryboardName = LaunchScreen;
				INFOPLIST_KEY_UISupportedInterfaceOrientations_iPad = "UIInterfaceOrientationPortrait UIInterfaceOrientationPortraitUpsideDown UIInterfaceOrientationLandscapeLeft UIInterfaceOrientationLandscapeRight";
				INFOPLIST_KEY_UISupportedInterfaceOrientations_iPhone = "UIInterfaceOrientationPortrait UIInterfaceOrientationLandscapeLeft UIInterfaceOrientationLandscapeRight";
				LD_RUNPATH_SEARCH_PATHS = (
					"$(inherited)",
					"@executable_path/Frameworks",
				);
				MARKETING_VERSION = 1.0;
				PRODUCT_BUNDLE_IDENTIFIER = DreamTeam.Project1;
				PRODUCT_NAME = "$(TARGET_NAME)";
				SWIFT_EMIT_LOC_STRINGS = YES;
				SWIFT_VERSION = 5.0;
				TARGETED_DEVICE_FAMILY = "1,2";
			};
			name = Debug;
		};
		2636B0832B78E44A004F7DE7 /* Release */ = {
			isa = XCBuildConfiguration;
			buildSettings = {
				ASSETCATALOG_COMPILER_APPICON_NAME = AppIcon;
				ASSETCATALOG_COMPILER_GLOBAL_ACCENT_COLOR_NAME = AccentColor;
				CODE_SIGN_STYLE = Automatic;
				CURRENT_PROJECT_VERSION = 1;
				DEVELOPMENT_TEAM = 9MBQ2N9R8H;
				GENERATE_INFOPLIST_FILE = YES;
				INFOPLIST_FILE = Project1/Info.plist;
				INFOPLIST_KEY_UIApplicationSupportsIndirectInputEvents = YES;
				INFOPLIST_KEY_UILaunchStoryboardName = LaunchScreen;
				INFOPLIST_KEY_UISupportedInterfaceOrientations_iPad = "UIInterfaceOrientationPortrait UIInterfaceOrientationPortraitUpsideDown UIInterfaceOrientationLandscapeLeft UIInterfaceOrientationLandscapeRight";
				INFOPLIST_KEY_UISupportedInterfaceOrientations_iPhone = "UIInterfaceOrientationPortrait UIInterfaceOrientationLandscapeLeft UIInterfaceOrientationLandscapeRight";
				LD_RUNPATH_SEARCH_PATHS = (
					"$(inherited)",
					"@executable_path/Frameworks",
				);
				MARKETING_VERSION = 1.0;
				PRODUCT_BUNDLE_IDENTIFIER = DreamTeam.Project1;
				PRODUCT_NAME = "$(TARGET_NAME)";
				SWIFT_EMIT_LOC_STRINGS = YES;
				SWIFT_VERSION = 5.0;
				TARGETED_DEVICE_FAMILY = "1,2";
			};
			name = Release;
		};
		2636B0852B78E44A004F7DE7 /* Debug */ = {
			isa = XCBuildConfiguration;
			buildSettings = {
				ALWAYS_EMBED_SWIFT_STANDARD_LIBRARIES = YES;
				BUNDLE_LOADER = "$(TEST_HOST)";
				CODE_SIGN_STYLE = Automatic;
				CURRENT_PROJECT_VERSION = 1;
				DEVELOPMENT_TEAM = 9MBQ2N9R8H;
				GENERATE_INFOPLIST_FILE = YES;
				IPHONEOS_DEPLOYMENT_TARGET = 17.2;
				MARKETING_VERSION = 1.0;
				PRODUCT_BUNDLE_IDENTIFIER = DreamTeam.Project1Tests;
				PRODUCT_NAME = "$(TARGET_NAME)";
				SWIFT_EMIT_LOC_STRINGS = NO;
				SWIFT_VERSION = 5.0;
				TARGETED_DEVICE_FAMILY = "1,2";
				TEST_HOST = "$(BUILT_PRODUCTS_DIR)/Project1.app/$(BUNDLE_EXECUTABLE_FOLDER_PATH)/Project1";
			};
			name = Debug;
		};
		2636B0862B78E44A004F7DE7 /* Release */ = {
			isa = XCBuildConfiguration;
			buildSettings = {
				ALWAYS_EMBED_SWIFT_STANDARD_LIBRARIES = YES;
				BUNDLE_LOADER = "$(TEST_HOST)";
				CODE_SIGN_STYLE = Automatic;
				CURRENT_PROJECT_VERSION = 1;
				DEVELOPMENT_TEAM = 9MBQ2N9R8H;
				GENERATE_INFOPLIST_FILE = YES;
				IPHONEOS_DEPLOYMENT_TARGET = 17.2;
				MARKETING_VERSION = 1.0;
				PRODUCT_BUNDLE_IDENTIFIER = DreamTeam.Project1Tests;
				PRODUCT_NAME = "$(TARGET_NAME)";
				SWIFT_EMIT_LOC_STRINGS = NO;
				SWIFT_VERSION = 5.0;
				TARGETED_DEVICE_FAMILY = "1,2";
				TEST_HOST = "$(BUILT_PRODUCTS_DIR)/Project1.app/$(BUNDLE_EXECUTABLE_FOLDER_PATH)/Project1";
			};
			name = Release;
		};
		2636B0882B78E44A004F7DE7 /* Debug */ = {
			isa = XCBuildConfiguration;
			buildSettings = {
				ALWAYS_EMBED_SWIFT_STANDARD_LIBRARIES = YES;
				CODE_SIGN_STYLE = Automatic;
				CURRENT_PROJECT_VERSION = 1;
				DEVELOPMENT_TEAM = 9MBQ2N9R8H;
				GENERATE_INFOPLIST_FILE = YES;
				MARKETING_VERSION = 1.0;
				PRODUCT_BUNDLE_IDENTIFIER = DreamTeam.Project1UITests;
				PRODUCT_NAME = "$(TARGET_NAME)";
				SWIFT_EMIT_LOC_STRINGS = NO;
				SWIFT_VERSION = 5.0;
				TARGETED_DEVICE_FAMILY = "1,2";
				TEST_TARGET_NAME = Project1;
			};
			name = Debug;
		};
		2636B0892B78E44A004F7DE7 /* Release */ = {
			isa = XCBuildConfiguration;
			buildSettings = {
				ALWAYS_EMBED_SWIFT_STANDARD_LIBRARIES = YES;
				CODE_SIGN_STYLE = Automatic;
				CURRENT_PROJECT_VERSION = 1;
				DEVELOPMENT_TEAM = 9MBQ2N9R8H;
				GENERATE_INFOPLIST_FILE = YES;
				MARKETING_VERSION = 1.0;
				PRODUCT_BUNDLE_IDENTIFIER = DreamTeam.Project1UITests;
				PRODUCT_NAME = "$(TARGET_NAME)";
				SWIFT_EMIT_LOC_STRINGS = NO;
				SWIFT_VERSION = 5.0;
				TARGETED_DEVICE_FAMILY = "1,2";
				TEST_TARGET_NAME = Project1;
			};
			name = Release;
		};
/* End XCBuildConfiguration section */

/* Begin XCConfigurationList section */
		2636B0522B78E448004F7DE7 /* Build configuration list for PBXProject "Project1" */ = {
			isa = XCConfigurationList;
			buildConfigurations = (
				2636B07F2B78E44A004F7DE7 /* Debug */,
				2636B0802B78E44A004F7DE7 /* Release */,
			);
			defaultConfigurationIsVisible = 0;
			defaultConfigurationName = Release;
		};
		2636B0812B78E44A004F7DE7 /* Build configuration list for PBXNativeTarget "Project1" */ = {
			isa = XCConfigurationList;
			buildConfigurations = (
				2636B0822B78E44A004F7DE7 /* Debug */,
				2636B0832B78E44A004F7DE7 /* Release */,
			);
			defaultConfigurationIsVisible = 0;
			defaultConfigurationName = Release;
		};
		2636B0842B78E44A004F7DE7 /* Build configuration list for PBXNativeTarget "Project1Tests" */ = {
			isa = XCConfigurationList;
			buildConfigurations = (
				2636B0852B78E44A004F7DE7 /* Debug */,
				2636B0862B78E44A004F7DE7 /* Release */,
			);
			defaultConfigurationIsVisible = 0;
			defaultConfigurationName = Release;
		};
		2636B0872B78E44A004F7DE7 /* Build configuration list for PBXNativeTarget "Project1UITests" */ = {
			isa = XCConfigurationList;
			buildConfigurations = (
				2636B0882B78E44A004F7DE7 /* Debug */,
				2636B0892B78E44A004F7DE7 /* Release */,
			);
			defaultConfigurationIsVisible = 0;
			defaultConfigurationName = Release;
		};
/* End XCConfigurationList section */
	};
	rootObject = 2636B04F2B78E448004F7DE7 /* Project object */;
}
